
Microsoft Visual Studio Solution File, Format Version 12.00
# Visual Studio 2012
Project("{FAE04EC0-301F-11D3-BF4B-00C04F79EFBC}") = "ModulusChecking", "ModulusChecking\ModulusChecking.csproj", "{A72763D5-2A3C-425A-A669-7E927E82BC40}"
EndProject
Project("{FAE04EC0-301F-11D3-BF4B-00C04F79EFBC}") = "ModulusCheckingTests", "ModulusCheckingTests\ModulusCheckingTests.csproj", "{04D9BEE4-DAA1-4883-9EB7-A59719554B76}"
EndProject
Global
	GlobalSection(SolutionConfigurationPlatforms) = preSolution
		Debug|Any CPU = Debug|Any CPU
		Release|Any CPU = Release|Any CPU
	EndGlobalSection
	GlobalSection(ProjectConfigurationPlatforms) = postSolution
		{A72763D5-2A3C-425A-A669-7E927E82BC40}.Debug|Any CPU.ActiveCfg = Debug|Any CPU
		{A72763D5-2A3C-425A-A669-7E927E82BC40}.Debug|Any CPU.Build.0 = Debug|Any CPU
		{A72763D5-2A3C-425A-A669-7E927E82BC40}.Release|Any CPU.ActiveCfg = Release|Any CPU
		{A72763D5-2A3C-425A-A669-7E927E82BC40}.Release|Any CPU.Build.0 = Release|Any CPU
		{04D9BEE4-DAA1-4883-9EB7-A59719554B76}.Debug|Any CPU.ActiveCfg = Debug|Any CPU
		{04D9BEE4-DAA1-4883-9EB7-A59719554B76}.Debug|Any CPU.Build.0 = Debug|Any CPU
		{04D9BEE4-DAA1-4883-9EB7-A59719554B76}.Release|Any CPU.ActiveCfg = Release|Any CPU
		{04D9BEE4-DAA1-4883-9EB7-A59719554B76}.Release|Any CPU.Build.0 = Release|Any CPU
	EndGlobalSection
	GlobalSection(SolutionProperties) = preSolution
		HideSolutionNode = FALSE
	EndGlobalSection
EndGlobal
